
Microsoft Visual Studio Solution File, Format Version 12.00
# Visual Studio Version 17
VisualStudioVersion = 17.2.32526.322
MinimumVisualStudioVersion = 10.0.40219.1
Project("{FAE04EC0-301F-11D3-BF4B-00C04F79EFBC}") = "TechShopWarehouse", "TechShopWarehouse\TechShopWarehouse.csproj", "{CAA4946C-B4CA-4E32-BAC8-65DEC63EA3AC}"
EndProject
Project("{FAE04EC0-301F-11D3-BF4B-00C04F79EFBC}") = "MiniApp", "MiniApp\MiniApp.csproj", "{DF875D9D-9877-4164-9428-D9950DD779C7}"
EndProject
Project("{FAE04EC0-301F-11D3-BF4B-00C04F79EFBC}") = "Students", "Students\Students.csproj", "{D06EE09D-7349-4C63-B7EE-8F2606B6370D}"
EndProject
Global
	GlobalSection(SolutionConfigurationPlatforms) = preSolution
		Debug|Any CPU = Debug|Any CPU
		Release|Any CPU = Release|Any CPU
	EndGlobalSection
	GlobalSection(ProjectConfigurationPlatforms) = postSolution
		{CAA4946C-B4CA-4E32-BAC8-65DEC63EA3AC}.Debug|Any CPU.ActiveCfg = Debug|Any CPU
		{CAA4946C-B4CA-4E32-BAC8-65DEC63EA3AC}.Debug|Any CPU.Build.0 = Debug|Any CPU
		{CAA4946C-B4CA-4E32-BAC8-65DEC63EA3AC}.Release|Any CPU.ActiveCfg = Release|Any CPU
		{CAA4946C-B4CA-4E32-BAC8-65DEC63EA3AC}.Release|Any CPU.Build.0 = Release|Any CPU
		{DF875D9D-9877-4164-9428-D9950DD779C7}.Debug|Any CPU.ActiveCfg = Debug|Any CPU
		{DF875D9D-9877-4164-9428-D9950DD779C7}.Debug|Any CPU.Build.0 = Debug|Any CPU
		{DF875D9D-9877-4164-9428-D9950DD779C7}.Release|Any CPU.ActiveCfg = Release|Any CPU
		{DF875D9D-9877-4164-9428-D9950DD779C7}.Release|Any CPU.Build.0 = Release|Any CPU
		{D06EE09D-7349-4C63-B7EE-8F2606B6370D}.Debug|Any CPU.ActiveCfg = Debug|Any CPU
		{D06EE09D-7349-4C63-B7EE-8F2606B6370D}.Debug|Any CPU.Build.0 = Debug|Any CPU
		{D06EE09D-7349-4C63-B7EE-8F2606B6370D}.Release|Any CPU.ActiveCfg = Release|Any CPU
		{D06EE09D-7349-4C63-B7EE-8F2606B6370D}.Release|Any CPU.Build.0 = Release|Any CPU
	EndGlobalSection
	GlobalSection(SolutionProperties) = preSolution
		HideSolutionNode = FALSE
	EndGlobalSection
	GlobalSection(ExtensibilityGlobals) = postSolution
		SolutionGuid = {AFC006CC-08BB-4054-84EE-707AF797F5CC}
	EndGlobalSection
EndGlobal
